// !$*UTF8*$!
{
	archiveVersion = 1;
	classes = {
	};
	objectVersion = 46;
	objects = {

/* Begin PBXBuildFile section */
		4F78B66C1C89CCDB0014AF2F /* LMSGesture.m in Sources */ = {isa = PBXBuildFile; fileRef = 4F78B66B1C89CCDB0014AF2F /* LMSGesture.m */; };
		4F78B66F1C89CF300014AF2F /* LMSGestureTypeA.m in Sources */ = {isa = PBXBuildFile; fileRef = 4F78B66E1C89CF300014AF2F /* LMSGestureTypeA.m */; };
		4F78B6721C89D0450014AF2F /* LMSConst.m in Sources */ = {isa = PBXBuildFile; fileRef = 4F78B6711C89D0450014AF2F /* LMSConst.m */; };
		4F78B6751C8A2D300014AF2F /* LMSGestureTypeB.m in Sources */ = {isa = PBXBuildFile; fileRef = 4F78B6741C8A2D300014AF2F /* LMSGestureTypeB.m */; };
		4F78B6781C8A3B7D0014AF2F /* LMSGestureTypeC.m in Sources */ = {isa = PBXBuildFile; fileRef = 4F78B6771C8A3B7D0014AF2F /* LMSGestureTypeC.m */; };
		4F78B67B1C8A3B8A0014AF2F /* LMSGestureTypeD.m in Sources */ = {isa = PBXBuildFile; fileRef = 4F78B67A1C8A3B8A0014AF2F /* LMSGestureTypeD.m */; };
		4FCF3DC51C52688900DB7FE8 /* AppDelegate.m in Sources */ = {isa = PBXBuildFile; fileRef = 4FCF3DC41C52688900DB7FE8 /* AppDelegate.m */; };
		4FCF3DC81C52688900DB7FE8 /* main.m in Sources */ = {isa = PBXBuildFile; fileRef = 4FCF3DC71C52688900DB7FE8 /* main.m */; };
		4FCF3DCB1C52688900DB7FE8 /* ViewController.m in Sources */ = {isa = PBXBuildFile; fileRef = 4FCF3DCA1C52688900DB7FE8 /* ViewController.m */; };
		4FCF3DCD1C52688900DB7FE8 /* Assets.xcassets in Resources */ = {isa = PBXBuildFile; fileRef = 4FCF3DCC1C52688900DB7FE8 /* Assets.xcassets */; };
		4FCF3DD01C52688900DB7FE8 /* Main.storyboard in Resources */ = {isa = PBXBuildFile; fileRef = 4FCF3DCE1C52688900DB7FE8 /* Main.storyboard */; };
		4FCF3DDB1C52688900DB7FE8 /* GestureCatcherTests.m in Sources */ = {isa = PBXBuildFile; fileRef = 4FCF3DDA1C52688900DB7FE8 /* GestureCatcherTests.m */; };
		4FCF3DE61C52688900DB7FE8 /* GestureCatcherUITests.m in Sources */ = {isa = PBXBuildFile; fileRef = 4FCF3DE51C52688900DB7FE8 /* GestureCatcherUITests.m */; };
		4FCF3DF61C5268C500DB7FE8 /* Cocoa.framework in Frameworks */ = {isa = PBXBuildFile; fileRef = 4FCF3DF51C5268C500DB7FE8 /* Cocoa.framework */; };
		4FCF3DF81C5268CE00DB7FE8 /* AppKit.framework in Frameworks */ = {isa = PBXBuildFile; fileRef = 4FCF3DF71C5268CE00DB7FE8 /* AppKit.framework */; };
		4FCF3DFA1C5268D700DB7FE8 /* Foundation.framework in Frameworks */ = {isa = PBXBuildFile; fileRef = 4FCF3DF91C5268D700DB7FE8 /* Foundation.framework */; };
		4FCF3E001C52696F00DB7FE8 /* MotionController.m in Sources */ = {isa = PBXBuildFile; fileRef = 4FCF3DFF1C52696F00DB7FE8 /* MotionController.m */; };
		4FCF3E061C529A4100DB7FE8 /* LeapObjectiveC.mm in Sources */ = {isa = PBXBuildFile; fileRef = 4FCF3E051C529A4100DB7FE8 /* LeapObjectiveC.mm */; };
		4FCF3E0A1C529B9300DB7FE8 /* libLeap.dylib in Frameworks */ = {isa = PBXBuildFile; fileRef = 4FCF3E091C529B9300DB7FE8 /* libLeap.dylib */; };
		4FCF3E0D1C52A28900DB7FE8 /* libLeap.dylib in CopyFiles */ = {isa = PBXBuildFile; fileRef = 4FCF3E091C529B9300DB7FE8 /* libLeap.dylib */; settings = {ATTRIBUTES = (CodeSignOnCopy, ); }; };
		E27068566C41165660EEE2E5 /* libPods-GestureCatcher.a in Frameworks */ = {isa = PBXBuildFile; fileRef = AD451F6C3F31DFAE0AB5E134 /* libPods-GestureCatcher.a */; };
/* End PBXBuildFile section */

/* Begin PBXContainerItemProxy section */
		4FCF3DD71C52688900DB7FE8 /* PBXContainerItemProxy */ = {
			isa = PBXContainerItemProxy;
			containerPortal = 4FCF3DB81C52688900DB7FE8 /* Project object */;
			proxyType = 1;
			remoteGlobalIDString = 4FCF3DBF1C52688900DB7FE8;
			remoteInfo = GestureCatcher;
		};
		4FCF3DE21C52688900DB7FE8 /* PBXContainerItemProxy */ = {
			isa = PBXContainerItemProxy;
			containerPortal = 4FCF3DB81C52688900DB7FE8 /* Project object */;
			proxyType = 1;
			remoteGlobalIDString = 4FCF3DBF1C52688900DB7FE8;
			remoteInfo = GestureCatcher;
		};
/* End PBXContainerItemProxy section */

/* Begin PBXCopyFilesBuildPhase section */
		4FCF3E0C1C52A27D00DB7FE8 /* CopyFiles */ = {
			isa = PBXCopyFilesBuildPhase;
			buildActionMask = 2147483647;
			dstPath = "";
			dstSubfolderSpec = 6;
			files = (
				4FCF3E0D1C52A28900DB7FE8 /* libLeap.dylib in CopyFiles */,
			);
			runOnlyForDeploymentPostprocessing = 0;
		};
/* End PBXCopyFilesBuildPhase section */

/* Begin PBXFileReference section */
		145EC3A2FA673200A568438D /* Pods-GestureCatcher.release.xcconfig */ = {isa = PBXFileReference; includeInIndex = 1; lastKnownFileType = text.xcconfig; name = "Pods-GestureCatcher.release.xcconfig"; path = "Pods/Target Support Files/Pods-GestureCatcher/Pods-GestureCatcher.release.xcconfig"; sourceTree = "<group>"; };
		4F78B66A1C89CCDB0014AF2F /* LMSGesture.h */ = {isa = PBXFileReference; fileEncoding = 4; lastKnownFileType = sourcecode.c.h; path = LMSGesture.h; sourceTree = "<group>"; };
		4F78B66B1C89CCDB0014AF2F /* LMSGesture.m */ = {isa = PBXFileReference; fileEncoding = 4; lastKnownFileType = sourcecode.c.objc; path = LMSGesture.m; sourceTree = "<group>"; };
		4F78B66D1C89CF300014AF2F /* LMSGestureTypeA.h */ = {isa = PBXFileReference; fileEncoding = 4; lastKnownFileType = sourcecode.c.h; path = LMSGestureTypeA.h; sourceTree = "<group>"; };
		4F78B66E1C89CF300014AF2F /* LMSGestureTypeA.m */ = {isa = PBXFileReference; fileEncoding = 4; lastKnownFileType = sourcecode.c.objc; path = LMSGestureTypeA.m; sourceTree = "<group>"; };
		4F78B6701C89D0450014AF2F /* LMSConst.h */ = {isa = PBXFileReference; fileEncoding = 4; lastKnownFileType = sourcecode.c.h; path = LMSConst.h; sourceTree = "<group>"; };
		4F78B6711C89D0450014AF2F /* LMSConst.m */ = {isa = PBXFileReference; fileEncoding = 4; lastKnownFileType = sourcecode.c.objc; path = LMSConst.m; sourceTree = "<group>"; };
		4F78B6731C8A2D300014AF2F /* LMSGestureTypeB.h */ = {isa = PBXFileReference; fileEncoding = 4; lastKnownFileType = sourcecode.c.h; path = LMSGestureTypeB.h; sourceTree = "<group>"; };
		4F78B6741C8A2D300014AF2F /* LMSGestureTypeB.m */ = {isa = PBXFileReference; fileEncoding = 4; lastKnownFileType = sourcecode.c.objc; path = LMSGestureTypeB.m; sourceTree = "<group>"; };
		4F78B6761C8A3B7D0014AF2F /* LMSGestureTypeC.h */ = {isa = PBXFileReference; fileEncoding = 4; lastKnownFileType = sourcecode.c.h; path = LMSGestureTypeC.h; sourceTree = "<group>"; };
		4F78B6771C8A3B7D0014AF2F /* LMSGestureTypeC.m */ = {isa = PBXFileReference; fileEncoding = 4; lastKnownFileType = sourcecode.c.objc; path = LMSGestureTypeC.m; sourceTree = "<group>"; };
		4F78B6791C8A3B8A0014AF2F /* LMSGestureTypeD.h */ = {isa = PBXFileReference; fileEncoding = 4; lastKnownFileType = sourcecode.c.h; path = LMSGestureTypeD.h; sourceTree = "<group>"; };
		4F78B67A1C8A3B8A0014AF2F /* LMSGestureTypeD.m */ = {isa = PBXFileReference; fileEncoding = 4; lastKnownFileType = sourcecode.c.objc; path = LMSGestureTypeD.m; sourceTree = "<group>"; };
		4FCF3DC01C52688900DB7FE8 /* GestureCatcher.app */ = {isa = PBXFileReference; explicitFileType = wrapper.application; includeInIndex = 0; path = GestureCatcher.app; sourceTree = BUILT_PRODUCTS_DIR; };
		4FCF3DC31C52688900DB7FE8 /* AppDelegate.h */ = {isa = PBXFileReference; lastKnownFileType = sourcecode.c.h; path = AppDelegate.h; sourceTree = "<group>"; };
		4FCF3DC41C52688900DB7FE8 /* AppDelegate.m */ = {isa = PBXFileReference; lastKnownFileType = sourcecode.c.objc; path = AppDelegate.m; sourceTree = "<group>"; };
		4FCF3DC71C52688900DB7FE8 /* main.m */ = {isa = PBXFileReference; lastKnownFileType = sourcecode.c.objc; path = main.m; sourceTree = "<group>"; };
		4FCF3DC91C52688900DB7FE8 /* ViewController.h */ = {isa = PBXFileReference; lastKnownFileType = sourcecode.c.h; path = ViewController.h; sourceTree = "<group>"; };
		4FCF3DCA1C52688900DB7FE8 /* ViewController.m */ = {isa = PBXFileReference; lastKnownFileType = sourcecode.c.objc; path = ViewController.m; sourceTree = "<group>"; };
		4FCF3DCC1C52688900DB7FE8 /* Assets.xcassets */ = {isa = PBXFileReference; lastKnownFileType = folder.assetcatalog; path = Assets.xcassets; sourceTree = "<group>"; };
		4FCF3DCF1C52688900DB7FE8 /* Base */ = {isa = PBXFileReference; lastKnownFileType = file.storyboard; name = Base; path = Base.lproj/Main.storyboard; sourceTree = "<group>"; };
		4FCF3DD11C52688900DB7FE8 /* Info.plist */ = {isa = PBXFileReference; lastKnownFileType = text.plist.xml; path = Info.plist; sourceTree = "<group>"; };
		4FCF3DD61C52688900DB7FE8 /* GestureCatcherTests.xctest */ = {isa = PBXFileReference; explicitFileType = wrapper.cfbundle; includeInIndex = 0; path = GestureCatcherTests.xctest; sourceTree = BUILT_PRODUCTS_DIR; };
		4FCF3DDA1C52688900DB7FE8 /* GestureCatcherTests.m */ = {isa = PBXFileReference; lastKnownFileType = sourcecode.c.objc; path = GestureCatcherTests.m; sourceTree = "<group>"; };
		4FCF3DDC1C52688900DB7FE8 /* Info.plist */ = {isa = PBXFileReference; lastKnownFileType = text.plist.xml; path = Info.plist; sourceTree = "<group>"; };
		4FCF3DE11C52688900DB7FE8 /* GestureCatcherUITests.xctest */ = {isa = PBXFileReference; explicitFileType = wrapper.cfbundle; includeInIndex = 0; path = GestureCatcherUITests.xctest; sourceTree = BUILT_PRODUCTS_DIR; };
		4FCF3DE51C52688900DB7FE8 /* GestureCatcherUITests.m */ = {isa = PBXFileReference; lastKnownFileType = sourcecode.c.objc; path = GestureCatcherUITests.m; sourceTree = "<group>"; };
		4FCF3DE71C52688900DB7FE8 /* Info.plist */ = {isa = PBXFileReference; lastKnownFileType = text.plist.xml; path = Info.plist; sourceTree = "<group>"; };
		4FCF3DF51C5268C500DB7FE8 /* Cocoa.framework */ = {isa = PBXFileReference; lastKnownFileType = wrapper.framework; name = Cocoa.framework; path = System/Library/Frameworks/Cocoa.framework; sourceTree = SDKROOT; };
		4FCF3DF71C5268CE00DB7FE8 /* AppKit.framework */ = {isa = PBXFileReference; lastKnownFileType = wrapper.framework; name = AppKit.framework; path = System/Library/Frameworks/AppKit.framework; sourceTree = SDKROOT; };
		4FCF3DF91C5268D700DB7FE8 /* Foundation.framework */ = {isa = PBXFileReference; lastKnownFileType = wrapper.framework; name = Foundation.framework; path = System/Library/Frameworks/Foundation.framework; sourceTree = SDKROOT; };
		4FCF3DFE1C52696F00DB7FE8 /* MotionController.h */ = {isa = PBXFileReference; fileEncoding = 4; lastKnownFileType = sourcecode.c.h; path = MotionController.h; sourceTree = "<group>"; };
		4FCF3DFF1C52696F00DB7FE8 /* MotionController.m */ = {isa = PBXFileReference; fileEncoding = 4; lastKnownFileType = sourcecode.c.objc; path = MotionController.m; sourceTree = "<group>"; };
		4FCF3E021C529A4100DB7FE8 /* Leap.h */ = {isa = PBXFileReference; fileEncoding = 4; lastKnownFileType = sourcecode.c.h; name = Leap.h; path = Vendor/LeapMotion/include/Leap.h; sourceTree = SOURCE_ROOT; };
		4FCF3E031C529A4100DB7FE8 /* LeapMath.h */ = {isa = PBXFileReference; fileEncoding = 4; lastKnownFileType = sourcecode.c.h; name = LeapMath.h; path = Vendor/LeapMotion/include/LeapMath.h; sourceTree = SOURCE_ROOT; };
		4FCF3E041C529A4100DB7FE8 /* LeapObjectiveC.h */ = {isa = PBXFileReference; fileEncoding = 4; lastKnownFileType = sourcecode.c.h; name = LeapObjectiveC.h; path = Vendor/LeapMotion/include/LeapObjectiveC.h; sourceTree = SOURCE_ROOT; };
		4FCF3E051C529A4100DB7FE8 /* LeapObjectiveC.mm */ = {isa = PBXFileReference; fileEncoding = 4; lastKnownFileType = sourcecode.cpp.objcpp; name = LeapObjectiveC.mm; path = Vendor/LeapMotion/include/LeapObjectiveC.mm; sourceTree = SOURCE_ROOT; };
		4FCF3E091C529B9300DB7FE8 /* libLeap.dylib */ = {isa = PBXFileReference; lastKnownFileType = "compiled.mach-o.dylib"; name = libLeap.dylib; path = Vendor/LeapMotion/libLeap.dylib; sourceTree = "<group>"; };
		AD451F6C3F31DFAE0AB5E134 /* libPods-GestureCatcher.a */ = {isa = PBXFileReference; explicitFileType = archive.ar; includeInIndex = 0; path = "libPods-GestureCatcher.a"; sourceTree = BUILT_PRODUCTS_DIR; };
		EFEB5EDE774882FDEDE08476 /* Pods-GestureCatcher.debug.xcconfig */ = {isa = PBXFileReference; includeInIndex = 1; lastKnownFileType = text.xcconfig; name = "Pods-GestureCatcher.debug.xcconfig"; path = "Pods/Target Support Files/Pods-GestureCatcher/Pods-GestureCatcher.debug.xcconfig"; sourceTree = "<group>"; };
/* End PBXFileReference section */

/* Begin PBXFrameworksBuildPhase section */
		4FCF3DBD1C52688900DB7FE8 /* Frameworks */ = {
			isa = PBXFrameworksBuildPhase;
			buildActionMask = 2147483647;
			files = (
				4FCF3E0A1C529B9300DB7FE8 /* libLeap.dylib in Frameworks */,
				4FCF3DFA1C5268D700DB7FE8 /* Foundation.framework in Frameworks */,
				4FCF3DF81C5268CE00DB7FE8 /* AppKit.framework in Frameworks */,
				4FCF3DF61C5268C500DB7FE8 /* Cocoa.framework in Frameworks */,
				E27068566C41165660EEE2E5 /* libPods-GestureCatcher.a in Frameworks */,
			);
			runOnlyForDeploymentPostprocessing = 0;
		};
		4FCF3DD31C52688900DB7FE8 /* Frameworks */ = {
			isa = PBXFrameworksBuildPhase;
			buildActionMask = 2147483647;
			files = (
			);
			runOnlyForDeploymentPostprocessing = 0;
		};
		4FCF3DDE1C52688900DB7FE8 /* Frameworks */ = {
			isa = PBXFrameworksBuildPhase;
			buildActionMask = 2147483647;
			files = (
			);
			runOnlyForDeploymentPostprocessing = 0;
		};
/* End PBXFrameworksBuildPhase section */

/* Begin PBXGroup section */
		499CD61B8288ABA09695E472 /* Pods */ = {
			isa = PBXGroup;
			children = (
				EFEB5EDE774882FDEDE08476 /* Pods-GestureCatcher.debug.xcconfig */,
				145EC3A2FA673200A568438D /* Pods-GestureCatcher.release.xcconfig */,
			);
			name = Pods;
			sourceTree = "<group>";
		};
		4FCF3DB71C52688900DB7FE8 = {
			isa = PBXGroup;
			children = (
				4FCF3DC21C52688900DB7FE8 /* GestureCatcher */,
				4FCF3DD91C52688900DB7FE8 /* GestureCatcherTests */,
				4FCF3DE41C52688900DB7FE8 /* GestureCatcherUITests */,
				4FCF3DFB1C5268F100DB7FE8 /* Frameworks */,
				4FCF3DC11C52688900DB7FE8 /* Products */,
				499CD61B8288ABA09695E472 /* Pods */,
			);
			sourceTree = "<group>";
		};
		4FCF3DC11C52688900DB7FE8 /* Products */ = {
			isa = PBXGroup;
			children = (
				4FCF3DC01C52688900DB7FE8 /* GestureCatcher.app */,
				4FCF3DD61C52688900DB7FE8 /* GestureCatcherTests.xctest */,
				4FCF3DE11C52688900DB7FE8 /* GestureCatcherUITests.xctest */,
			);
			name = Products;
			sourceTree = "<group>";
		};
		4FCF3DC21C52688900DB7FE8 /* GestureCatcher */ = {
			isa = PBXGroup;
			children = (
				4FCF3E011C529A2600DB7FE8 /* LeapMotion */,
				4FCF3DC31C52688900DB7FE8 /* AppDelegate.h */,
				4FCF3DC41C52688900DB7FE8 /* AppDelegate.m */,
				4FCF3DC91C52688900DB7FE8 /* ViewController.h */,
				4FCF3DCA1C52688900DB7FE8 /* ViewController.m */,
				4FCF3DCC1C52688900DB7FE8 /* Assets.xcassets */,
				4FCF3DCE1C52688900DB7FE8 /* Main.storyboard */,
				4FCF3DD11C52688900DB7FE8 /* Info.plist */,
				4FCF3DC61C52688900DB7FE8 /* Supporting Files */,
				4FCF3DFE1C52696F00DB7FE8 /* MotionController.h */,
				4FCF3DFF1C52696F00DB7FE8 /* MotionController.m */,
				4F78B66A1C89CCDB0014AF2F /* LMSGesture.h */,
				4F78B66B1C89CCDB0014AF2F /* LMSGesture.m */,
				4F78B66D1C89CF300014AF2F /* LMSGestureTypeA.h */,
				4F78B66E1C89CF300014AF2F /* LMSGestureTypeA.m */,
				4F78B6701C89D0450014AF2F /* LMSConst.h */,
				4F78B6711C89D0450014AF2F /* LMSConst.m */,
				4F78B6731C8A2D300014AF2F /* LMSGestureTypeB.h */,
				4F78B6741C8A2D300014AF2F /* LMSGestureTypeB.m */,
				4F78B6761C8A3B7D0014AF2F /* LMSGestureTypeC.h */,
				4F78B6771C8A3B7D0014AF2F /* LMSGestureTypeC.m */,
				4F78B6791C8A3B8A0014AF2F /* LMSGestureTypeD.h */,
				4F78B67A1C8A3B8A0014AF2F /* LMSGestureTypeD.m */,
			);
			path = GestureCatcher;
			sourceTree = "<group>";
		};
		4FCF3DC61C52688900DB7FE8 /* Supporting Files */ = {
			isa = PBXGroup;
			children = (
				4FCF3DC71C52688900DB7FE8 /* main.m */,
			);
			name = "Supporting Files";
			sourceTree = "<group>";
		};
		4FCF3DD91C52688900DB7FE8 /* GestureCatcherTests */ = {
			isa = PBXGroup;
			children = (
				4FCF3DDA1C52688900DB7FE8 /* GestureCatcherTests.m */,
				4FCF3DDC1C52688900DB7FE8 /* Info.plist */,
			);
			path = GestureCatcherTests;
			sourceTree = "<group>";
		};
		4FCF3DE41C52688900DB7FE8 /* GestureCatcherUITests */ = {
			isa = PBXGroup;
			children = (
				4FCF3DE51C52688900DB7FE8 /* GestureCatcherUITests.m */,
				4FCF3DE71C52688900DB7FE8 /* Info.plist */,
			);
			path = GestureCatcherUITests;
			sourceTree = "<group>";
		};
		4FCF3DFB1C5268F100DB7FE8 /* Frameworks */ = {
			isa = PBXGroup;
			children = (
				4FCF3E091C529B9300DB7FE8 /* libLeap.dylib */,
				4FCF3DF91C5268D700DB7FE8 /* Foundation.framework */,
				4FCF3DF71C5268CE00DB7FE8 /* AppKit.framework */,
				4FCF3DF51C5268C500DB7FE8 /* Cocoa.framework */,
				AD451F6C3F31DFAE0AB5E134 /* libPods-GestureCatcher.a */,
			);
			name = Frameworks;
			sourceTree = "<group>";
		};
		4FCF3E011C529A2600DB7FE8 /* LeapMotion */ = {
			isa = PBXGroup;
			children = (
				4FCF3E021C529A4100DB7FE8 /* Leap.h */,
				4FCF3E031C529A4100DB7FE8 /* LeapMath.h */,
				4FCF3E041C529A4100DB7FE8 /* LeapObjectiveC.h */,
				4FCF3E051C529A4100DB7FE8 /* LeapObjectiveC.mm */,
			);
			name = LeapMotion;
			sourceTree = "<group>";
		};
/* End PBXGroup section */

/* Begin PBXNativeTarget section */
		4FCF3DBF1C52688900DB7FE8 /* GestureCatcher */ = {
			isa = PBXNativeTarget;
			buildConfigurationList = 4FCF3DEA1C52688900DB7FE8 /* Build configuration list for PBXNativeTarget "GestureCatcher" */;
			buildPhases = (
				12DBEF059CD9DA65FE5E28E3 /* Check Pods Manifest.lock */,
				4FCF3DBC1C52688900DB7FE8 /* Sources */,
				4FCF3DBD1C52688900DB7FE8 /* Frameworks */,
				4FCF3DBE1C52688900DB7FE8 /* Resources */,
				4FCF3E0C1C52A27D00DB7FE8 /* CopyFiles */,
				49D04F09435BED39BBDFA495 /* Embed Pods Frameworks */,
				0E01BE0E8CC13E63EC0C9D37 /* Copy Pods Resources */,
			);
			buildRules = (
			);
			dependencies = (
			);
			name = GestureCatcher;
			productName = GestureCatcher;
			productReference = 4FCF3DC01C52688900DB7FE8 /* GestureCatcher.app */;
			productType = "com.apple.product-type.application";
		};
		4FCF3DD51C52688900DB7FE8 /* GestureCatcherTests */ = {
			isa = PBXNativeTarget;
			buildConfigurationList = 4FCF3DED1C52688900DB7FE8 /* Build configuration list for PBXNativeTarget "GestureCatcherTests" */;
			buildPhases = (
				4FCF3DD21C52688900DB7FE8 /* Sources */,
				4FCF3DD31C52688900DB7FE8 /* Frameworks */,
				4FCF3DD41C52688900DB7FE8 /* Resources */,
			);
			buildRules = (
			);
			dependencies = (
				4FCF3DD81C52688900DB7FE8 /* PBXTargetDependency */,
			);
			name = GestureCatcherTests;
			productName = GestureCatcherTests;
			productReference = 4FCF3DD61C52688900DB7FE8 /* GestureCatcherTests.xctest */;
			productType = "com.apple.product-type.bundle.unit-test";
		};
		4FCF3DE01C52688900DB7FE8 /* GestureCatcherUITests */ = {
			isa = PBXNativeTarget;
			buildConfigurationList = 4FCF3DF01C52688900DB7FE8 /* Build configuration list for PBXNativeTarget "GestureCatcherUITests" */;
			buildPhases = (
				4FCF3DDD1C52688900DB7FE8 /* Sources */,
				4FCF3DDE1C52688900DB7FE8 /* Frameworks */,
				4FCF3DDF1C52688900DB7FE8 /* Resources */,
			);
			buildRules = (
			);
			dependencies = (
				4FCF3DE31C52688900DB7FE8 /* PBXTargetDependency */,
			);
			name = GestureCatcherUITests;
			productName = GestureCatcherUITests;
			productReference = 4FCF3DE11C52688900DB7FE8 /* GestureCatcherUITests.xctest */;
			productType = "com.apple.product-type.bundle.ui-testing";
		};
/* End PBXNativeTarget section */

/* Begin PBXProject section */
		4FCF3DB81C52688900DB7FE8 /* Project object */ = {
			isa = PBXProject;
			attributes = {
				LastUpgradeCheck = 0730;
				ORGANIZATIONNAME = "Stony Wang";
				TargetAttributes = {
					4FCF3DBF1C52688900DB7FE8 = {
						CreatedOnToolsVersion = 7.2;
					};
					4FCF3DD51C52688900DB7FE8 = {
						CreatedOnToolsVersion = 7.2;
						TestTargetID = 4FCF3DBF1C52688900DB7FE8;
					};
					4FCF3DE01C52688900DB7FE8 = {
						CreatedOnToolsVersion = 7.2;
						TestTargetID = 4FCF3DBF1C52688900DB7FE8;
					};
				};
			};
			buildConfigurationList = 4FCF3DBB1C52688900DB7FE8 /* Build configuration list for PBXProject "GestureCatcher" */;
			compatibilityVersion = "Xcode 3.2";
			developmentRegion = English;
			hasScannedForEncodings = 0;
			knownRegions = (
				en,
				Base,
			);
			mainGroup = 4FCF3DB71C52688900DB7FE8;
			productRefGroup = 4FCF3DC11C52688900DB7FE8 /* Products */;
			projectDirPath = "";
			projectRoot = "";
			targets = (
				4FCF3DBF1C52688900DB7FE8 /* GestureCatcher */,
				4FCF3DD51C52688900DB7FE8 /* GestureCatcherTests */,
				4FCF3DE01C52688900DB7FE8 /* GestureCatcherUITests */,
			);
		};
/* End PBXProject section */

/* Begin PBXResourcesBuildPhase section */
		4FCF3DBE1C52688900DB7FE8 /* Resources */ = {
			isa = PBXResourcesBuildPhase;
			buildActionMask = 2147483647;
			files = (
				4FCF3DCD1C52688900DB7FE8 /* Assets.xcassets in Resources */,
				4FCF3DD01C52688900DB7FE8 /* Main.storyboard in Resources */,
			);
			runOnlyForDeploymentPostprocessing = 0;
		};
		4FCF3DD41C52688900DB7FE8 /* Resources */ = {
			isa = PBXResourcesBuildPhase;
			buildActionMask = 2147483647;
			files = (
			);
			runOnlyForDeploymentPostprocessing = 0;
		};
		4FCF3DDF1C52688900DB7FE8 /* Resources */ = {
			isa = PBXResourcesBuildPhase;
			buildActionMask = 2147483647;
			files = (
			);
			runOnlyForDeploymentPostprocessing = 0;
		};
/* End PBXResourcesBuildPhase section */

/* Begin PBXShellScriptBuildPhase section */
		0E01BE0E8CC13E63EC0C9D37 /* Copy Pods Resources */ = {
			isa = PBXShellScriptBuildPhase;
			buildActionMask = 2147483647;
			files = (
			);
			inputPaths = (
			);
			name = "Copy Pods Resources";
			outputPaths = (
			);
			runOnlyForDeploymentPostprocessing = 0;
			shellPath = /bin/sh;
			shellScript = "\"${SRCROOT}/Pods/Target Support Files/Pods-GestureCatcher/Pods-GestureCatcher-resources.sh\"\n";
			showEnvVarsInLog = 0;
		};
		12DBEF059CD9DA65FE5E28E3 /* Check Pods Manifest.lock */ = {
			isa = PBXShellScriptBuildPhase;
			buildActionMask = 2147483647;
			files = (
			);
			inputPaths = (
			);
			name = "Check Pods Manifest.lock";
			outputPaths = (
			);
			runOnlyForDeploymentPostprocessing = 0;
			shellPath = /bin/sh;
			shellScript = "diff \"${PODS_ROOT}/../Podfile.lock\" \"${PODS_ROOT}/Manifest.lock\" > /dev/null\nif [[ $? != 0 ]] ; then\n    cat << EOM\nerror: The sandbox is not in sync with the Podfile.lock. Run 'pod install' or update your CocoaPods installation.\nEOM\n    exit 1\nfi\n";
			showEnvVarsInLog = 0;
		};
		49D04F09435BED39BBDFA495 /* Embed Pods Frameworks */ = {
			isa = PBXShellScriptBuildPhase;
			buildActionMask = 2147483647;
			files = (
			);
			inputPaths = (
			);
			name = "Embed Pods Frameworks";
			outputPaths = (
			);
			runOnlyForDeploymentPostprocessing = 0;
			shellPath = /bin/sh;
			shellScript = "\"${SRCROOT}/Pods/Target Support Files/Pods-GestureCatcher/Pods-GestureCatcher-frameworks.sh\"\n";
			showEnvVarsInLog = 0;
		};
/* End PBXShellScriptBuildPhase section */

/* Begin PBXSourcesBuildPhase section */
		4FCF3DBC1C52688900DB7FE8 /* Sources */ = {
			isa = PBXSourcesBuildPhase;
			buildActionMask = 2147483647;
			files = (
				4F78B67B1C8A3B8A0014AF2F /* LMSGestureTypeD.m in Sources */,
				4F78B6781C8A3B7D0014AF2F /* LMSGestureTypeC.m in Sources */,
				4F78B6721C89D0450014AF2F /* LMSConst.m in Sources */,
				4FCF3DCB1C52688900DB7FE8 /* ViewController.m in Sources */,
				4F78B6751C8A2D300014AF2F /* LMSGestureTypeB.m in Sources */,
				4FCF3DC81C52688900DB7FE8 /* main.m in Sources */,
				4FCF3E061C529A4100DB7FE8 /* LeapObjectiveC.mm in Sources */,
				4FCF3DC51C52688900DB7FE8 /* AppDelegate.m in Sources */,
				4F78B66F1C89CF300014AF2F /* LMSGestureTypeA.m in Sources */,
				4F78B66C1C89CCDB0014AF2F /* LMSGesture.m in Sources */,
				4FCF3E001C52696F00DB7FE8 /* MotionController.m in Sources */,
			);
			runOnlyForDeploymentPostprocessing = 0;
		};
		4FCF3DD21C52688900DB7FE8 /* Sources */ = {
			isa = PBXSourcesBuildPhase;
			buildActionMask = 2147483647;
			files = (
				4FCF3DDB1C52688900DB7FE8 /* GestureCatcherTests.m in Sources */,
			);
			runOnlyForDeploymentPostprocessing = 0;
		};
		4FCF3DDD1C52688900DB7FE8 /* Sources */ = {
			isa = PBXSourcesBuildPhase;
			buildActionMask = 2147483647;
			files = (
				4FCF3DE61C52688900DB7FE8 /* GestureCatcherUITests.m in Sources */,
			);
			runOnlyForDeploymentPostprocessing = 0;
		};
/* End PBXSourcesBuildPhase section */

/* Begin PBXTargetDependency section */
		4FCF3DD81C52688900DB7FE8 /* PBXTargetDependency */ = {
			isa = PBXTargetDependency;
			target = 4FCF3DBF1C52688900DB7FE8 /* GestureCatcher */;
			targetProxy = 4FCF3DD71C52688900DB7FE8 /* PBXContainerItemProxy */;
		};
		4FCF3DE31C52688900DB7FE8 /* PBXTargetDependency */ = {
			isa = PBXTargetDependency;
			target = 4FCF3DBF1C52688900DB7FE8 /* GestureCatcher */;
			targetProxy = 4FCF3DE21C52688900DB7FE8 /* PBXContainerItemProxy */;
		};
/* End PBXTargetDependency section */

/* Begin PBXVariantGroup section */
		4FCF3DCE1C52688900DB7FE8 /* Main.storyboard */ = {
			isa = PBXVariantGroup;
			children = (
				4FCF3DCF1C52688900DB7FE8 /* Base */,
			);
			name = Main.storyboard;
			sourceTree = "<group>";
		};
/* End PBXVariantGroup section */

/* Begin XCBuildConfiguration section */
		4FCF3DE81C52688900DB7FE8 /* Debug */ = {
			isa = XCBuildConfiguration;
			buildSettings = {
				ALWAYS_SEARCH_USER_PATHS = NO;
				CLANG_CXX_LANGUAGE_STANDARD = "gnu++0x";
				CLANG_CXX_LIBRARY = "libc++";
				CLANG_ENABLE_MODULES = YES;
				CLANG_ENABLE_OBJC_ARC = YES;
				CLANG_WARN_BOOL_CONVERSION = YES;
				CLANG_WARN_CONSTANT_CONVERSION = YES;
				CLANG_WARN_DIRECT_OBJC_ISA_USAGE = YES_ERROR;
				CLANG_WARN_EMPTY_BODY = YES;
				CLANG_WARN_ENUM_CONVERSION = YES;
				CLANG_WARN_INT_CONVERSION = YES;
				CLANG_WARN_OBJC_ROOT_CLASS = YES_ERROR;
				CLANG_WARN_UNREACHABLE_CODE = YES;
				CLANG_WARN__DUPLICATE_METHOD_MATCH = YES;
				CODE_SIGN_IDENTITY = "-";
				COPY_PHASE_STRIP = NO;
				DEBUG_INFORMATION_FORMAT = dwarf;
				ENABLE_STRICT_OBJC_MSGSEND = YES;
				ENABLE_TESTABILITY = YES;
				GCC_C_LANGUAGE_STANDARD = gnu99;
				GCC_DYNAMIC_NO_PIC = NO;
				GCC_NO_COMMON_BLOCKS = YES;
				GCC_OPTIMIZATION_LEVEL = 0;
				GCC_PREPROCESSOR_DEFINITIONS = (
					"DEBUG=1",
					"$(inherited)",
				);
				GCC_WARN_64_TO_32_BIT_CONVERSION = YES;
				GCC_WARN_ABOUT_RETURN_TYPE = YES_ERROR;
				GCC_WARN_UNDECLARED_SELECTOR = YES;
				GCC_WARN_UNINITIALIZED_AUTOS = YES_AGGRESSIVE;
				GCC_WARN_UNUSED_FUNCTION = YES;
				GCC_WARN_UNUSED_VARIABLE = YES;
				MACOSX_DEPLOYMENT_TARGET = 10.11;
				MTL_ENABLE_DEBUG_INFO = YES;
				ONLY_ACTIVE_ARCH = YES;
				SDKROOT = macosx;
			};
			name = Debug;
		};
		4FCF3DE91C52688900DB7FE8 /* Release */ = {
			isa = XCBuildConfiguration;
			buildSettings = {
				ALWAYS_SEARCH_USER_PATHS = NO;
				CLANG_CXX_LANGUAGE_STANDARD = "gnu++0x";
				CLANG_CXX_LIBRARY = "libc++";
				CLANG_ENABLE_MODULES = YES;
				CLANG_ENABLE_OBJC_ARC = YES;
				CLANG_WARN_BOOL_CONVERSION = YES;
				CLANG_WARN_CONSTANT_CONVERSION = YES;
				CLANG_WARN_DIRECT_OBJC_ISA_USAGE = YES_ERROR;
				CLANG_WARN_EMPTY_BODY = YES;
				CLANG_WARN_ENUM_CONVERSION = YES;
				CLANG_WARN_INT_CONVERSION = YES;
				CLANG_WARN_OBJC_ROOT_CLASS = YES_ERROR;
				CLANG_WARN_UNREACHABLE_CODE = YES;
				CLANG_WARN__DUPLICATE_METHOD_MATCH = YES;
				CODE_SIGN_IDENTITY = "-";
				COPY_PHASE_STRIP = NO;
				DEBUG_INFORMATION_FORMAT = "dwarf-with-dsym";
				ENABLE_NS_ASSERTIONS = NO;
				ENABLE_STRICT_OBJC_MSGSEND = YES;
				GCC_C_LANGUAGE_STANDARD = gnu99;
				GCC_NO_COMMON_BLOCKS = YES;
				GCC_WARN_64_TO_32_BIT_CONVERSION = YES;
				GCC_WARN_ABOUT_RETURN_TYPE = YES_ERROR;
				GCC_WARN_UNDECLARED_SELECTOR = YES;
				GCC_WARN_UNINITIALIZED_AUTOS = YES_AGGRESSIVE;
				GCC_WARN_UNUSED_FUNCTION = YES;
				GCC_WARN_UNUSED_VARIABLE = YES;
				MACOSX_DEPLOYMENT_TARGET = 10.11;
				MTL_ENABLE_DEBUG_INFO = NO;
				SDKROOT = macosx;
			};
			name = Release;
		};
		4FCF3DEB1C52688900DB7FE8 /* Debug */ = {
			isa = XCBuildConfiguration;
			baseConfigurationReference = EFEB5EDE774882FDEDE08476 /* Pods-GestureCatcher.debug.xcconfig */;
			buildSettings = {
				ASSETCATALOG_COMPILER_APPICON_NAME = AppIcon;
				CODE_SIGN_IDENTITY = "";
				COMBINE_HIDPI_IMAGES = YES;
				INFOPLIST_FILE = GestureCatcher/Info.plist;
				LD_RUNPATH_SEARCH_PATHS = "$(inherited) @executable_path/../Frameworks";
				LIBRARY_SEARCH_PATHS = (
					"$(inherited)",
					"$(PROJECT_DIR)/Vendor/LeapMotion",
				);
				PRODUCT_BUNDLE_IDENTIFIER = name.stony.GestureCatcher;
				PRODUCT_NAME = "$(TARGET_NAME)";
				VALID_ARCHS = x86_64;
			};
			name = Debug;
		};
		4FCF3DEC1C52688900DB7FE8 /* Release */ = {
			isa = XCBuildConfiguration;
			baseConfigurationReference = 145EC3A2FA673200A568438D /* Pods-GestureCatcher.release.xcconfig */;
			buildSettings = {
				ASSETCATALOG_COMPILER_APPICON_NAME = AppIcon;
				CODE_SIGN_IDENTITY = "";
				COMBINE_HIDPI_IMAGES = YES;
				INFOPLIST_FILE = GestureCatcher/Info.plist;
				LD_RUNPATH_SEARCH_PATHS = "$(inherited) @executable_path/../Frameworks";
				LIBRARY_SEARCH_PATHS = (
					"$(inherited)",
					"$(PROJECT_DIR)/Vendor/LeapMotion",
				);
				PRODUCT_BUNDLE_IDENTIFIER = name.stony.GestureCatcher;
				PRODUCT_NAME = "$(TARGET_NAME)";
				VALID_ARCHS = x86_64;
			};
			name = Release;
		};
		4FCF3DEE1C52688900DB7FE8 /* Debug */ = {
			isa = XCBuildConfiguration;
			buildSettings = {
				BUNDLE_LOADER = "$(TEST_HOST)";
				COMBINE_HIDPI_IMAGES = YES;
				INFOPLIST_FILE = GestureCatcherTests/Info.plist;
				LD_RUNPATH_SEARCH_PATHS = "$(inherited) @executable_path/../Frameworks @loader_path/../Frameworks";
				PRODUCT_BUNDLE_IDENTIFIER = name.stony.GestureCatcherTests;
				PRODUCT_NAME = "$(TARGET_NAME)";
				TEST_HOST = "$(BUILT_PRODUCTS_DIR)/GestureCatcher.app/Contents/MacOS/GestureCatcher";
			};
			name = Debug;
		};
		4FCF3DEF1C52688900DB7FE8 /* Release */ = {
			isa = XCBuildConfiguration;
			buildSettings = {
				BUNDLE_LOADER = "$(TEST_HOST)";
				COMBINE_HIDPI_IMAGES = YES;
				INFOPLIST_FILE = GestureCatcherTests/Info.plist;
				LD_RUNPATH_SEARCH_PATHS = "$(inherited) @executable_path/../Frameworks @loader_path/../Frameworks";
				PRODUCT_BUNDLE_IDENTIFIER = name.stony.GestureCatcherTests;
				PRODUCT_NAME = "$(TARGET_NAME)";
				TEST_HOST = "$(BUILT_PRODUCTS_DIR)/GestureCatcher.app/Contents/MacOS/GestureCatcher";
			};
			name = Release;
		};
		4FCF3DF11C52688900DB7FE8 /* Debug */ = {
			isa = XCBuildConfiguration;
			buildSettings = {
				COMBINE_HIDPI_IMAGES = YES;
				INFOPLIST_FILE = GestureCatcherUITests/Info.plist;
				LD_RUNPATH_SEARCH_PATHS = "$(inherited) @executable_path/../Frameworks @loader_path/../Frameworks";
				PRODUCT_BUNDLE_IDENTIFIER = name.stony.GestureCatcherUITests;
				PRODUCT_NAME = "$(TARGET_NAME)";
				TEST_TARGET_NAME = GestureCatcher;
				USES_XCTRUNNER = YES;
			};
			name = Debug;
		};
		4FCF3DF21C52688900DB7FE8 /* Release */ = {
			isa = XCBuildConfiguration;
			buildSettings = {
				COMBINE_HIDPI_IMAGES = YES;
				INFOPLIST_FILE = GestureCatcherUITests/Info.plist;
				LD_RUNPATH_SEARCH_PATHS = "$(inherited) @executable_path/../Frameworks @loader_path/../Frameworks";
				PRODUCT_BUNDLE_IDENTIFIER = name.stony.GestureCatcherUITests;
				PRODUCT_NAME = "$(TARGET_NAME)";
				TEST_TARGET_NAME = GestureCatcher;
				USES_XCTRUNNER = YES;
			};
			name = Release;
		};
/* End XCBuildConfiguration section */

/* Begin XCConfigurationList section */
		4FCF3DBB1C52688900DB7FE8 /* Build configuration list for PBXProject "GestureCatcher" */ = {
			isa = XCConfigurationList;
			buildConfigurations = (
				4FCF3DE81C52688900DB7FE8 /* Debug */,
				4FCF3DE91C52688900DB7FE8 /* Release */,
			);
			defaultConfigurationIsVisible = 0;
			defaultConfigurationName = Release;
		};
		4FCF3DEA1C52688900DB7FE8 /* Build configuration list for PBXNativeTarget "GestureCatcher" */ = {
			isa = XCConfigurationList;
			buildConfigurations = (
				4FCF3DEB1C52688900DB7FE8 /* Debug */,
				4FCF3DEC1C52688900DB7FE8 /* Release */,
			);
			defaultConfigurationIsVisible = 0;
			defaultConfigurationName = Release;
		};
		4FCF3DED1C52688900DB7FE8 /* Build configuration list for PBXNativeTarget "GestureCatcherTests" */ = {
			isa = XCConfigurationList;
			buildConfigurations = (
				4FCF3DEE1C52688900DB7FE8 /* Debug */,
				4FCF3DEF1C52688900DB7FE8 /* Release */,
			);
			defaultConfigurationIsVisible = 0;
			defaultConfigurationName = Release;
		};
		4FCF3DF01C52688900DB7FE8 /* Build configuration list for PBXNativeTarget "GestureCatcherUITests" */ = {
			isa = XCConfigurationList;
			buildConfigurations = (
				4FCF3DF11C52688900DB7FE8 /* Debug */,
				4FCF3DF21C52688900DB7FE8 /* Release */,
			);
			defaultConfigurationIsVisible = 0;
			defaultConfigurationName = Release;
		};
/* End XCConfigurationList section */
	};
	rootObject = 4FCF3DB81C52688900DB7FE8 /* Project object */;
}
